dependencies:
  espressif/esp_codec_dev:
    component_hash: 896c67360ae1f8dedaf8a53dfe48c015317fa455f061a5165307892296990028
    dependencies:
    - name: idf
      require: private
      version: '>=4.0'
    source:
      registry_url: https://components.espressif.com/
      type: service
    version: 1.5.10
  idf:
    source:
      type: idf
    version: 6.2.0
direct_dependencies:
- espressif/esp_codec_dev
manifest_hash: 9a78002ed9d4c301acab5e84a9dbee7767fa22ff1b890148a646eec72c101f76
target: esp32s31
version: 3.0.0
